<?xml version="1.0" encoding="utf-8"?>
<Project ToolsVersion="4.0" xmlns="http://schemas.microsoft.com/developer/msbuild/2003">
  <ItemGroup>
    <Filter Include="Source Files">
      <UniqueIdentifier>{332c7c6e-bf08-4cd0-8d9c-00ddfe582111}</UniqueIdentifier>
      <Extensions>cpp;c;cxx;rc;def;r;odl;idl;hpj;bat</Extensions>
    </Filter>
    <Filter Include="Header Files">
      <UniqueIdentifier>{dc384dd9-cadf-4a7f-ae6d-8c27be17921a}</UniqueIdentifier>
      <Extensions>h;hpp;hxx;hm;inl</Extensions>
    </Filter>
    <Filter Include="Resource Files">
      <UniqueIdentifier>{c0fe7916-a03d-4c59-aced-7ec0cbcbf053}</UniqueIdentifier>
      <Extensions>ico;cur;bmp;dlg;rc2;rct;bin;rgs;gif;jpg;jpeg;jpe</Extensions>
    </Filter>
  </ItemGroup>
  <ItemGroup>
    <ClCompile Include="..\..\conf\Configuration.cc">
      <Filter>Source Files</Filter>
    </ClCompile>
    <ClCompile Include="..\..\win32\exconfig.cc">
      <Filter>Source Files</Filter>
    </ClCompile>
    <ClCompile Include="..\..\files\Flat.cc">
      <Filter>Source Files</Filter>
    </ClCompile>
    <ClCompile Include="..\..\files\Flex.cc">
      <Filter>Source Files</Filter>
    </ClCompile>
    <ClCompile Include="..\..\files\IFF.cc">
      <Filter>Source Files</Filter>
    </ClCompile>
    <ClCompile Include="..\..\files\listfiles.cc">
      <Filter>Source Files</Filter>
    </ClCompile>
    <ClCompile Include="..\msvc_kludges.cc">
      <Filter>Source Files</Filter>
    </ClCompile>
    <ClCompile Include="..\..\files\Table.cc">
      <Filter>Source Files</Filter>
    </ClCompile>
    <ClCompile Include="..\..\files\U7file.cc">
      <Filter>Source Files</Filter>
    </ClCompile>
    <ClCompile Include="..\..\files\U7fileman.cc">
      <Filter>Source Files</Filter>
    </ClCompile>
    <ClCompile Include="..\..\files\U7obj.cc">
      <Filter>Source Files</Filter>
    </ClCompile>
    <ClCompile Include="..\..\files\utils.cc">
      <Filter>Source Files</Filter>
    </ClCompile>
    <ClCompile Include="..\..\conf\XMLEntity.cc">
      <Filter>Source Files</Filter>
    </ClCompile>
  </ItemGroup>
  <ItemGroup>
    <None Include="..\..\win32\exconfig.def">
      <Filter>Source Files</Filter>
    </None>
  </ItemGroup>
  <ItemGroup>
    <ResourceCompile Include="..\..\win32\exconfig.rc">
      <Filter>Source Files</Filter>
    </ResourceCompile>
  </ItemGroup>
  <ItemGroup>
    <ClInclude Include="..\..\conf\Configuration.h">
      <Filter>Header Files</Filter>
    </ClInclude>
    <ClInclude Include="..\..\files\databuf.h">
      <Filter>Header Files</Filter>
    </ClInclude>
    <ClInclude Include="exconfig.h">
      <Filter>Header Files</Filter>
    </ClInclude>
    <ClInclude Include="..\..\win32\exconfig.h">
      <Filter>Header Files</Filter>
    </ClInclude>
    <ClInclude Include="..\..\files\Flat.h">
      <Filter>Header Files</Filter>
    </ClInclude>
    <ClInclude Include="..\..\files\Flex.h">
      <Filter>Header Files</Filter>
    </ClInclude>
    <ClInclude Include="..\..\files\IFF.h">
      <Filter>Header Files</Filter>
    </ClInclude>
    <ClInclude Include="..\..\files\listfiles.h">
      <Filter>Header Files</Filter>
    </ClInclude>
    <ClInclude Include="..\msvc_kludges.h">
      <Filter>Header Files</Filter>
    </ClInclude>
    <ClInclude Include="..\..\files\Table.h">
      <Filter>Header Files</Filter>
    </ClInclude>
    <ClInclude Include="..\..\files\U7file.h">
      <Filter>Header Files</Filter>
    </ClInclude>
    <ClInclude Include="..\..\files\U7fileman.h">
      <Filter>Header Files</Filter>
    </ClInclude>
    <ClInclude Include="..\..\files\U7obj.h">
      <Filter>Header Files</Filter>
    </ClInclude>
    <ClInclude Include="..\..\conf\XMLEntity.h">
      <Filter>Header Files</Filter>
    </ClInclude>
  </ItemGroup>
</Project>