<?xml version="1.0" encoding="utf-8"?>
<Project ToolsVersion="4.0" xmlns="http://schemas.microsoft.com/developer/msbuild/2003">
  <ItemGroup>
    <Filter Include="Source Files">
      <UniqueIdentifier>{f3a1a232-007c-44bd-9912-a85470c302a6}</UniqueIdentifier>
      <Extensions>cpp;c;cxx;rc;def;r;odl;idl;hpj;bat</Extensions>
    </Filter>
    <Filter Include="Header Files">
      <UniqueIdentifier>{424e6f2f-afe8-4315-b67e-524f7a7ad7ec}</UniqueIdentifier>
      <Extensions>h;hpp;hxx;hm;inl</Extensions>
    </Filter>
    <Filter Include="Resource Files">
      <UniqueIdentifier>{48698660-683f-46ca-b254-e777df0a84b0}</UniqueIdentifier>
      <Extensions>ico;cur;bmp;dlg;rc2;rct;bin;rgs;gif;jpg;jpeg;jpe</Extensions>
    </Filter>
  </ItemGroup>
  <ItemGroup>
    <ClCompile Include="..\tools\wuc.cc">
      <Filter>Source Files</Filter>
    </ClCompile>
  </ItemGroup>
  <ItemGroup>
    <ClInclude Include="..\usecode\bgintrinsics.h">
      <Filter>Header Files</Filter>
    </ClInclude>
    <ClInclude Include="..\usecode\siintrinsics.h">
      <Filter>Header Files</Filter>
    </ClInclude>
    <ClInclude Include="..\usecode\sibetaintrinsics.h">
      <Filter>Header Files</Filter>
    </ClInclude>
    <ClInclude Include="..\tools\uctools.h">
      <Filter>Header Files</Filter>
    </ClInclude>
  </ItemGroup>
</Project>